// !$*UTF8*$!
{
	archiveVersion = 1;
	classes = {
	};
	objectVersion = 60;
	objects = {

/* Begin PBXBuildFile section */
		607E99BD2B0D0D97005D1988 /* RUSH_E_FINAL.mid in Resources */ = {isa = PBXBuildFile; fileRef = 607E99BC2B0D0D97005D1988 /* RUSH_E_FINAL.mid */; };
		607E99BE2B0D0D97005D1988 /* RUSH_E_FINAL.mid in Resources */ = {isa = PBXBuildFile; fileRef = 607E99BC2B0D0D97005D1988 /* RUSH_E_FINAL.mid */; };
		608EEBB42A16DC2B00C88590 /* Sounds in Resources */ = {isa = PBXBuildFile; fileRef = 608EEBB32A16DC2B00C88590 /* Sounds */; };
		608EEBB52A16DC2B00C88590 /* Sounds in Resources */ = {isa = PBXBuildFile; fileRef = 608EEBB32A16DC2B00C88590 /* Sounds */; };
		60A16CD72A18485400F225CB /* MIDITrackData.swift in Sources */ = {isa = PBXBuildFile; fileRef = 60A16CD62A18485400F225CB /* MIDITrackData.swift */; };
		60A16CD82A18485400F225CB /* MIDITrackData.swift in Sources */ = {isa = PBXBuildFile; fileRef = 60A16CD62A18485400F225CB /* MIDITrackData.swift */; };
		60A16CDA2A1848E000F225CB /* Conductor.swift in Sources */ = {isa = PBXBuildFile; fileRef = 60A16CD92A1848E000F225CB /* Conductor.swift */; };
		60A16CDB2A1848E000F225CB /* Conductor.swift in Sources */ = {isa = PBXBuildFile; fileRef = 60A16CD92A1848E000F225CB /* Conductor.swift */; };
		60B0B5232A12D56900DAAAF7 /* type0Demo.mid in Resources */ = {isa = PBXBuildFile; fileRef = 60B0B5222A12D56900DAAAF7 /* type0Demo.mid */; };
		60B0B5242A12D56900DAAAF7 /* type0Demo.mid in Resources */ = {isa = PBXBuildFile; fileRef = 60B0B5222A12D56900DAAAF7 /* type0Demo.mid */; };
		60BAA6462B0CF07E00AB565F /* MIDITrackView in Frameworks */ = {isa = PBXBuildFile; productRef = 60BAA6452B0CF07E00AB565F /* MIDITrackView */; };
		60BAA6482B0CF09100AB565F /* MIDITrackView in Frameworks */ = {isa = PBXBuildFile; productRef = 60BAA6472B0CF09100AB565F /* MIDITrackView */; };
		60BAA64A2B0CF0A000AB565F /* MIDITrackView in Frameworks */ = {isa = PBXBuildFile; productRef = 60BAA6492B0CF0A000AB565F /* MIDITrackView */; };
		60C33E92296AA0C60066D196 /* type1Demo.mid in Resources */ = {isa = PBXBuildFile; fileRef = 60C33E91296AA0C60066D196 /* type1Demo.mid */; };
		60C33E93296AA0C60066D196 /* type1Demo.mid in Resources */ = {isa = PBXBuildFile; fileRef = 60C33E91296AA0C60066D196 /* type1Demo.mid */; };
		60D3325E2915C6B300EAD0D7 /* MIDITrackViewDemoApp.swift in Sources */ = {isa = PBXBuildFile; fileRef = 60D3325D2915C6B300EAD0D7 /* MIDITrackViewDemoApp.swift */; };
		60D332602915C6B300EAD0D7 /* MIDITrackViewDemo.swift in Sources */ = {isa = PBXBuildFile; fileRef = 60D3325F2915C6B300EAD0D7 /* MIDITrackViewDemo.swift */; };
		60D332622915C6B400EAD0D7 /* Assets.xcassets in Resources */ = {isa = PBXBuildFile; fileRef = 60D332612915C6B400EAD0D7 /* Assets.xcassets */; };
		60D332862915CA9A00EAD0D7 /* MIDITrackViewDemoApp.swift in Sources */ = {isa = PBXBuildFile; fileRef = 60D3325D2915C6B300EAD0D7 /* MIDITrackViewDemoApp.swift */; };
		60D332872915CA9C00EAD0D7 /* MIDITrackViewDemo.swift in Sources */ = {isa = PBXBuildFile; fileRef = 60D3325F2915C6B300EAD0D7 /* MIDITrackViewDemo.swift */; };
		60D332882915CAA300EAD0D7 /* Assets.xcassets in Resources */ = {isa = PBXBuildFile; fileRef = 60D332612915C6B400EAD0D7 /* Assets.xcassets */; };
		60F2CE6C2970F7B400543AB3 /* AudioKit in Frameworks */ = {isa = PBXBuildFile; productRef = 60F2CE6B2970F7B400543AB3 /* AudioKit */; };
		60F2CE6E2970F7E600543AB3 /* AudioKit in Frameworks */ = {isa = PBXBuildFile; productRef = 60F2CE6D2970F7E600543AB3 /* AudioKit */; };
/* End PBXBuildFile section */

/* Begin PBXFileReference section */
		607E99BC2B0D0D97005D1988 /* RUSH_E_FINAL.mid */ = {isa = PBXFileReference; lastKnownFileType = audio.midi; path = RUSH_E_FINAL.mid; sourceTree = "<group>"; };
		608EEBB32A16DC2B00C88590 /* Sounds */ = {isa = PBXFileReference; lastKnownFileType = folder; path = Sounds; sourceTree = "<group>"; };
		608EEBB62A16E84400C88590 /* MIDITrackViewDemo--iOS--Info.plist */ = {isa = PBXFileReference; lastKnownFileType = text.plist; path = "MIDITrackViewDemo--iOS--Info.plist"; sourceTree = "<group>"; };
		60A16CD62A18485400F225CB /* MIDITrackData.swift */ = {isa = PBXFileReference; lastKnownFileType = sourcecode.swift; path = MIDITrackData.swift; sourceTree = "<group>"; };
		60A16CD92A1848E000F225CB /* Conductor.swift */ = {isa = PBXFileReference; lastKnownFileType = sourcecode.swift; path = Conductor.swift; sourceTree = "<group>"; };
		60B0B5222A12D56900DAAAF7 /* type0Demo.mid */ = {isa = PBXFileReference; lastKnownFileType = audio.midi; path = type0Demo.mid; sourceTree = "<group>"; };
		60C33E91296AA0C60066D196 /* type1Demo.mid */ = {isa = PBXFileReference; lastKnownFileType = audio.midi; path = type1Demo.mid; sourceTree = "<group>"; };
		60D3325A2915C6B300EAD0D7 /* MIDITrackViewDemo.app */ = {isa = PBXFileReference; explicitFileType = wrapper.application; includeInIndex = 0; path = MIDITrackViewDemo.app; sourceTree = BUILT_PRODUCTS_DIR; };
		60D3325D2915C6B300EAD0D7 /* MIDITrackViewDemoApp.swift */ = {isa = PBXFileReference; lastKnownFileType = sourcecode.swift; path = MIDITrackViewDemoApp.swift; sourceTree = "<group>"; };
		60D3325F2915C6B300EAD0D7 /* MIDITrackViewDemo.swift */ = {isa = PBXFileReference; lastKnownFileType = sourcecode.swift; path = MIDITrackViewDemo.swift; sourceTree = "<group>"; };
		60D332612915C6B400EAD0D7 /* Assets.xcassets */ = {isa = PBXFileReference; lastKnownFileType = folder.assetcatalog; path = Assets.xcassets; sourceTree = "<group>"; };
		60D332632915C6B400EAD0D7 /* macOS.entitlements */ = {isa = PBXFileReference; lastKnownFileType = text.plist.entitlements; path = macOS.entitlements; sourceTree = "<group>"; };
		60D3326D2915C76E00EAD0D7 /* MIDITrackView */ = {isa = PBXFileReference; lastKnownFileType = wrapper; name = MIDITrackView; path = ..; sourceTree = "<group>"; };
		60D332762915C99C00EAD0D7 /* MIDITrackViewDemo.app */ = {isa = PBXFileReference; explicitFileType = wrapper.application; includeInIndex = 0; path = MIDITrackViewDemo.app; sourceTree = BUILT_PRODUCTS_DIR; };
/* End PBXFileReference section */

/* Begin PBXFrameworksBuildPhase section */
		60D332572915C6B300EAD0D7 /* Frameworks */ = {
			isa = PBXFrameworksBuildPhase;
			buildActionMask = 2147483647;
			files = (
				60BAA6462B0CF07E00AB565F /* MIDITrackView in Frameworks */,
				60BAA6482B0CF09100AB565F /* MIDITrackView in Frameworks */,
				60F2CE6E2970F7E600543AB3 /* AudioKit in Frameworks */,
			);
			runOnlyForDeploymentPostprocessing = 0;
		};
		60D332732915C99C00EAD0D7 /* Frameworks */ = {
			isa = PBXFrameworksBuildPhase;
			buildActionMask = 2147483647;
			files = (
				60BAA64A2B0CF0A000AB565F /* MIDITrackView in Frameworks */,
				60F2CE6C2970F7B400543AB3 /* AudioKit in Frameworks */,
			);
			runOnlyForDeploymentPostprocessing = 0;
		};
/* End PBXFrameworksBuildPhase section */

/* Begin PBXGroup section */
		60D332512915C6B300EAD0D7 = {
			isa = PBXGroup;
			children = (
				608EEBB62A16E84400C88590 /* MIDITrackViewDemo--iOS--Info.plist */,
				60D3326C2915C76E00EAD0D7 /* Packages */,
				60D3325C2915C6B300EAD0D7 /* Shared */,
				60D332712915C8C000EAD0D7 /* macOS */,
				60D3325B2915C6B300EAD0D7 /* Products */,
				60D3326E2915C77A00EAD0D7 /* Frameworks */,
			);
			sourceTree = "<group>";
		};
		60D3325B2915C6B300EAD0D7 /* Products */ = {
			isa = PBXGroup;
			children = (
				60D3325A2915C6B300EAD0D7 /* MIDITrackViewDemo.app */,
				60D332762915C99C00EAD0D7 /* MIDITrackViewDemo.app */,
			);
			name = Products;
			sourceTree = "<group>";
		};
		60D3325C2915C6B300EAD0D7 /* Shared */ = {
			isa = PBXGroup;
			children = (
				608EEBB32A16DC2B00C88590 /* Sounds */,
				60B0B5222A12D56900DAAAF7 /* type0Demo.mid */,
				60C33E91296AA0C60066D196 /* type1Demo.mid */,
				607E99BC2B0D0D97005D1988 /* RUSH_E_FINAL.mid */,
				60A16CD92A1848E000F225CB /* Conductor.swift */,
				60A16CD62A18485400F225CB /* MIDITrackData.swift */,
				60D3325F2915C6B300EAD0D7 /* MIDITrackViewDemo.swift */,
				60D3325D2915C6B300EAD0D7 /* MIDITrackViewDemoApp.swift */,
				60D332612915C6B400EAD0D7 /* Assets.xcassets */,
			);
			path = Shared;
			sourceTree = "<group>";
		};
		60D3326C2915C76E00EAD0D7 /* Packages */ = {
			isa = PBXGroup;
			children = (
				60D3326D2915C76E00EAD0D7 /* MIDITrackView */,
			);
			name = Packages;
			sourceTree = "<group>";
		};
		60D3326E2915C77A00EAD0D7 /* Frameworks */ = {
			isa = PBXGroup;
			children = (
			);
			name = Frameworks;
			sourceTree = "<group>";
		};
		60D332712915C8C000EAD0D7 /* macOS */ = {
			isa = PBXGroup;
			children = (
				60D332632915C6B400EAD0D7 /* macOS.entitlements */,
			);
			path = macOS;
			sourceTree = "<group>";
		};
/* End PBXGroup section */

/* Begin PBXNativeTarget section */
		60D332592915C6B300EAD0D7 /* MIDITrackViewDemo (macOS) */ = {
			isa = PBXNativeTarget;
			buildConfigurationList = 60D332692915C6B400EAD0D7 /* Build configuration list for PBXNativeTarget "MIDITrackViewDemo (macOS)" */;
			buildPhases = (
				60D332562915C6B300EAD0D7 /* Sources */,
				60D332572915C6B300EAD0D7 /* Frameworks */,
				60D332582915C6B300EAD0D7 /* Resources */,
			);
			buildRules = (
			);
			dependencies = (
			);
			name = "MIDITrackViewDemo (macOS)";
			packageProductDependencies = (
				60F2CE6D2970F7E600543AB3 /* AudioKit */,
				60BAA6452B0CF07E00AB565F /* MIDITrackView */,
				60BAA6472B0CF09100AB565F /* MIDITrackView */,
			);
			productName = MIDITrackViewDemo;
			productReference = 60D3325A2915C6B300EAD0D7 /* MIDITrackViewDemo.app */;
			productType = "com.apple.product-type.application";
		};
		60D332752915C99C00EAD0D7 /* MIDITrackViewDemo (iOS) */ = {
			isa = PBXNativeTarget;
			buildConfigurationList = 60D332812915C99E00EAD0D7 /* Build configuration list for PBXNativeTarget "MIDITrackViewDemo (iOS)" */;
			buildPhases = (
				60D332722915C99C00EAD0D7 /* Sources */,
				60D332732915C99C00EAD0D7 /* Frameworks */,
				60D332742915C99C00EAD0D7 /* Resources */,
			);
			buildRules = (
			);
			dependencies = (
			);
			name = "MIDITrackViewDemo (iOS)";
			packageProductDependencies = (
				60F2CE6B2970F7B400543AB3 /* AudioKit */,
				60BAA6492B0CF0A000AB565F /* MIDITrackView */,
			);
			productName = "MIDITrackViewDemo (iOS)";
			productReference = 60D332762915C99C00EAD0D7 /* MIDITrackViewDemo.app */;
			productType = "com.apple.product-type.application";
		};
/* End PBXNativeTarget section */

/* Begin PBXProject section */
		60D332522915C6B300EAD0D7 /* Project object */ = {
			isa = PBXProject;
			attributes = {
				BuildIndependentTargetsInParallel = 1;
				LastSwiftUpdateCheck = 1410;
				LastUpgradeCheck = 1410;
				TargetAttributes = {
					60D332592915C6B300EAD0D7 = {
						CreatedOnToolsVersion = 14.1;
					};
					60D332752915C99C00EAD0D7 = {
						CreatedOnToolsVersion = 14.1;
					};
				};
			};
			buildConfigurationList = 60D332552915C6B300EAD0D7 /* Build configuration list for PBXProject "MIDITrackViewDemo" */;
			compatibilityVersion = "Xcode 14.0";
			developmentRegion = en;
			hasScannedForEncodings = 0;
			knownRegions = (
				en,
				Base,
			);
			mainGroup = 60D332512915C6B300EAD0D7;
			packageReferences = (
				60F2CE6A2970F7B400543AB3 /* XCRemoteSwiftPackageReference "AudioKit" */,
				60BAA6442B0CF07E00AB565F /* XCLocalSwiftPackageReference ".." */,
			);
			productRefGroup = 60D3325B2915C6B300EAD0D7 /* Products */;
			projectDirPath = "";
			projectRoot = "";
			targets = (
				60D332752915C99C00EAD0D7 /* MIDITrackViewDemo (iOS) */,
				60D332592915C6B300EAD0D7 /* MIDITrackViewDemo (macOS) */,
			);
		};
/* End PBXProject section */

/* Begin PBXResourcesBuildPhase section */
		60D332582915C6B300EAD0D7 /* Resources */ = {
			isa = PBXResourcesBuildPhase;
			buildActionMask = 2147483647;
			files = (
				60D332622915C6B400EAD0D7 /* Assets.xcassets in Resources */,
				60B0B5242A12D56900DAAAF7 /* type0Demo.mid in Resources */,
				608EEBB52A16DC2B00C88590 /* Sounds in Resources */,
				607E99BE2B0D0D97005D1988 /* RUSH_E_FINAL.mid in Resources */,
				60C33E93296AA0C60066D196 /* type1Demo.mid in Resources */,
			);
			runOnlyForDeploymentPostprocessing = 0;
		};
		60D332742915C99C00EAD0D7 /* Resources */ = {
			isa = PBXResourcesBuildPhase;
			buildActionMask = 2147483647;
			files = (
				60D332882915CAA300EAD0D7 /* Assets.xcassets in Resources */,
				60B0B5232A12D56900DAAAF7 /* type0Demo.mid in Resources */,
				608EEBB42A16DC2B00C88590 /* Sounds in Resources */,
				607E99BD2B0D0D97005D1988 /* RUSH_E_FINAL.mid in Resources */,
				60C33E92296AA0C60066D196 /* type1Demo.mid in Resources */,
			);
			runOnlyForDeploymentPostprocessing = 0;
		};
/* End PBXResourcesBuildPhase section */

/* Begin PBXSourcesBuildPhase section */
		60D332562915C6B300EAD0D7 /* Sources */ = {
			isa = PBXSourcesBuildPhase;
			buildActionMask = 2147483647;
			files = (
				60D332602915C6B300EAD0D7 /* MIDITrackViewDemo.swift in Sources */,
				60D3325E2915C6B300EAD0D7 /* MIDITrackViewDemoApp.swift in Sources */,
				60A16CD82A18485400F225CB /* MIDITrackData.swift in Sources */,
				60A16CDB2A1848E000F225CB /* Conductor.swift in Sources */,
			);
			runOnlyForDeploymentPostprocessing = 0;
		};
		60D332722915C99C00EAD0D7 /* Sources */ = {
			isa = PBXSourcesBuildPhase;
			buildActionMask = 2147483647;
			files = (
				60D332872915CA9C00EAD0D7 /* MIDITrackViewDemo.swift in Sources */,
				60D332862915CA9A00EAD0D7 /* MIDITrackViewDemoApp.swift in Sources */,
				60A16CD72A18485400F225CB /* MIDITrackData.swift in Sources */,
				60A16CDA2A1848E000F225CB /* Conductor.swift in Sources */,
			);
			runOnlyForDeploymentPostprocessing = 0;
		};
/* End PBXSourcesBuildPhase section */

/* Begin XCBuildConfiguration section */
		60D332672915C6B400EAD0D7 /* Debug */ = {
			isa = XCBuildConfiguration;
			buildSettings = {
				ALWAYS_SEARCH_USER_PATHS = NO;
				CLANG_ANALYZER_NONNULL = YES;
				CLANG_ANALYZER_NUMBER_OBJECT_CONVERSION = YES_AGGRESSIVE;
				CLANG_CXX_LANGUAGE_STANDARD = "gnu++20";
				CLANG_ENABLE_MODULES = YES;
				CLANG_ENABLE_OBJC_ARC = YES;
				CLANG_ENABLE_OBJC_WEAK = YES;
				CLANG_WARN_BLOCK_CAPTURE_AUTORELEASING = YES;
				CLANG_WARN_BOOL_CONVERSION = YES;
				CLANG_WARN_COMMA = YES;
				CLANG_WARN_CONSTANT_CONVERSION = YES;
				CLANG_WARN_DEPRECATED_OBJC_IMPLEMENTATIONS = YES;
				CLANG_WARN_DIRECT_OBJC_ISA_USAGE = YES_ERROR;
				CLANG_WARN_DOCUMENTATION_COMMENTS = YES;
				CLANG_WARN_EMPTY_BODY = YES;
				CLANG_WARN_ENUM_CONVERSION = YES;
				CLANG_WARN_INFINITE_RECURSION = YES;
				CLANG_WARN_INT_CONVERSION = YES;
				CLANG_WARN_NON_LITERAL_NULL_CONVERSION = YES;
				CLANG_WARN_OBJC_IMPLICIT_RETAIN_SELF = YES;
				CLANG_WARN_OBJC_LITERAL_CONVERSION = YES;
				CLANG_WARN_OBJC_ROOT_CLASS = YES_ERROR;
				CLANG_WARN_QUOTED_INCLUDE_IN_FRAMEWORK_HEADER = YES;
				CLANG_WARN_RANGE_LOOP_ANALYSIS = YES;
				CLANG_WARN_STRICT_PROTOTYPES = YES;
				CLANG_WARN_SUSPICIOUS_MOVE = YES;
				CLANG_WARN_UNGUARDED_AVAILABILITY = YES_AGGRESSIVE;
				CLANG_WARN_UNREACHABLE_CODE = YES;
				CLANG_WARN__DUPLICATE_METHOD_MATCH = YES;
				COPY_PHASE_STRIP = NO;
				DEBUG_INFORMATION_FORMAT = dwarf;
				ENABLE_STRICT_OBJC_MSGSEND = YES;
				ENABLE_TESTABILITY = YES;
				GCC_C_LANGUAGE_STANDARD = gnu11;
				GCC_DYNAMIC_NO_PIC = NO;
				GCC_NO_COMMON_BLOCKS = YES;
				GCC_OPTIMIZATION_LEVEL = 0;
				GCC_PREPROCESSOR_DEFINITIONS = (
					"DEBUG=1",
					"$(inherited)",
				);
				GCC_WARN_64_TO_32_BIT_CONVERSION = YES;
				GCC_WARN_ABOUT_RETURN_TYPE = YES_ERROR;
				GCC_WARN_UNDECLARED_SELECTOR = YES;
				GCC_WARN_UNINITIALIZED_AUTOS = YES_AGGRESSIVE;
				GCC_WARN_UNUSED_FUNCTION = YES;
				GCC_WARN_UNUSED_VARIABLE = YES;
				MTL_ENABLE_DEBUG_INFO = INCLUDE_SOURCE;
				MTL_FAST_MATH = YES;
				ONLY_ACTIVE_ARCH = YES;
				SWIFT_ACTIVE_COMPILATION_CONDITIONS = DEBUG;
				SWIFT_OPTIMIZATION_LEVEL = "-Onone";
			};
			name = Debug;
		};
		60D332682915C6B400EAD0D7 /* Release */ = {
			isa = XCBuildConfiguration;
			buildSettings = {
				ALWAYS_SEARCH_USER_PATHS = NO;
				CLANG_ANALYZER_NONNULL = YES;
				CLANG_ANALYZER_NUMBER_OBJECT_CONVERSION = YES_AGGRESSIVE;
				CLANG_CXX_LANGUAGE_STANDARD = "gnu++20";
				CLANG_ENABLE_MODULES = YES;
				CLANG_ENABLE_OBJC_ARC = YES;
				CLANG_ENABLE_OBJC_WEAK = YES;
				CLANG_WARN_BLOCK_CAPTURE_AUTORELEASING = YES;
				CLANG_WARN_BOOL_CONVERSION = YES;
				CLANG_WARN_COMMA = YES;
				CLANG_WARN_CONSTANT_CONVERSION = YES;
				CLANG_WARN_DEPRECATED_OBJC_IMPLEMENTATIONS = YES;
				CLANG_WARN_DIRECT_OBJC_ISA_USAGE = YES_ERROR;
				CLANG_WARN_DOCUMENTATION_COMMENTS = YES;
				CLANG_WARN_EMPTY_BODY = YES;
				CLANG_WARN_ENUM_CONVERSION = YES;
				CLANG_WARN_INFINITE_RECURSION = YES;
				CLANG_WARN_INT_CONVERSION = YES;
				CLANG_WARN_NON_LITERAL_NULL_CONVERSION = YES;
				CLANG_WARN_OBJC_IMPLICIT_RETAIN_SELF = YES;
				CLANG_WARN_OBJC_LITERAL_CONVERSION = YES;
				CLANG_WARN_OBJC_ROOT_CLASS = YES_ERROR;
				CLANG_WARN_QUOTED_INCLUDE_IN_FRAMEWORK_HEADER = YES;
				CLANG_WARN_RANGE_LOOP_ANALYSIS = YES;
				CLANG_WARN_STRICT_PROTOTYPES = YES;
				CLANG_WARN_SUSPICIOUS_MOVE = YES;
				CLANG_WARN_UNGUARDED_AVAILABILITY = YES_AGGRESSIVE;
				CLANG_WARN_UNREACHABLE_CODE = YES;
				CLANG_WARN__DUPLICATE_METHOD_MATCH = YES;
				COPY_PHASE_STRIP = NO;
				DEBUG_INFORMATION_FORMAT = "dwarf-with-dsym";
				ENABLE_NS_ASSERTIONS = NO;
				ENABLE_STRICT_OBJC_MSGSEND = YES;
				GCC_C_LANGUAGE_STANDARD = gnu11;
				GCC_NO_COMMON_BLOCKS = YES;
				GCC_WARN_64_TO_32_BIT_CONVERSION = YES;
				GCC_WARN_ABOUT_RETURN_TYPE = YES_ERROR;
				GCC_WARN_UNDECLARED_SELECTOR = YES;
				GCC_WARN_UNINITIALIZED_AUTOS = YES_AGGRESSIVE;
				GCC_WARN_UNUSED_FUNCTION = YES;
				GCC_WARN_UNUSED_VARIABLE = YES;
				MTL_ENABLE_DEBUG_INFO = NO;
				MTL_FAST_MATH = YES;
				SWIFT_COMPILATION_MODE = wholemodule;
				SWIFT_OPTIMIZATION_LEVEL = "-O";
			};
			name = Release;
		};
		60D3326A2915C6B400EAD0D7 /* Debug */ = {
			isa = XCBuildConfiguration;
			buildSettings = {
				ASSETCATALOG_COMPILER_APPICON_NAME = AppIcon;
				ASSETCATALOG_COMPILER_GLOBAL_ACCENT_COLOR_NAME = AccentColor;
				CODE_SIGN_ENTITLEMENTS = macOS/macOS.entitlements;
				"CODE_SIGN_IDENTITY[sdk=macosx*]" = "-";
				CODE_SIGN_STYLE = Automatic;
				CURRENT_PROJECT_VERSION = 1;
				DEVELOPMENT_TEAM = "";
				ENABLE_HARDENED_RUNTIME = YES;
				ENABLE_PREVIEWS = YES;
				GENERATE_INFOPLIST_FILE = YES;
				"INFOPLIST_KEY_UIApplicationSceneManifest_Generation[sdk=iphoneos*]" = YES;
				"INFOPLIST_KEY_UIApplicationSceneManifest_Generation[sdk=iphonesimulator*]" = YES;
				"INFOPLIST_KEY_UIApplicationSupportsIndirectInputEvents[sdk=iphoneos*]" = YES;
				"INFOPLIST_KEY_UIApplicationSupportsIndirectInputEvents[sdk=iphonesimulator*]" = YES;
				"INFOPLIST_KEY_UILaunchScreen_Generation[sdk=iphoneos*]" = YES;
				"INFOPLIST_KEY_UILaunchScreen_Generation[sdk=iphonesimulator*]" = YES;
				"INFOPLIST_KEY_UIStatusBarStyle[sdk=iphoneos*]" = UIStatusBarStyleDefault;
				"INFOPLIST_KEY_UIStatusBarStyle[sdk=iphonesimulator*]" = UIStatusBarStyleDefault;
				INFOPLIST_KEY_UISupportedInterfaceOrientations_iPad = "UIInterfaceOrientationPortrait UIInterfaceOrientationPortraitUpsideDown UIInterfaceOrientationLandscapeLeft UIInterfaceOrientationLandscapeRight";
				INFOPLIST_KEY_UISupportedInterfaceOrientations_iPhone = "UIInterfaceOrientationPortrait UIInterfaceOrientationLandscapeLeft UIInterfaceOrientationLandscapeRight";
				IPHONEOS_DEPLOYMENT_TARGET = 16.1;
				LD_RUNPATH_SEARCH_PATHS = "@executable_path/Frameworks";
				"LD_RUNPATH_SEARCH_PATHS[sdk=macosx*]" = "@executable_path/../Frameworks";
				MACOSX_DEPLOYMENT_TARGET = 12.3;
				MARKETING_VERSION = 1.0;
				PRODUCT_BUNDLE_IDENTIFIER = io.audiokit.MIDITrackViewDemo;
				PRODUCT_NAME = MIDITrackViewDemo;
				SDKROOT = auto;
				SUPPORTED_PLATFORMS = macosx;
				SUPPORTS_MACCATALYST = NO;
				SUPPORTS_MAC_DESIGNED_FOR_IPHONE_IPAD = NO;
				SWIFT_EMIT_LOC_STRINGS = YES;
				SWIFT_VERSION = 5.0;
			};
			name = Debug;
		};
		60D3326B2915C6B400EAD0D7 /* Release */ = {
			isa = XCBuildConfiguration;
			buildSettings = {
				ASSETCATALOG_COMPILER_APPICON_NAME = AppIcon;
				ASSETCATALOG_COMPILER_GLOBAL_ACCENT_COLOR_NAME = AccentColor;
				CODE_SIGN_ENTITLEMENTS = macOS/macOS.entitlements;
				"CODE_SIGN_IDENTITY[sdk=macosx*]" = "-";
				CODE_SIGN_STYLE = Automatic;
				CURRENT_PROJECT_VERSION = 1;
				DEVELOPMENT_TEAM = "";
				ENABLE_HARDENED_RUNTIME = YES;
				ENABLE_PREVIEWS = YES;
				GENERATE_INFOPLIST_FILE = YES;
				"INFOPLIST_KEY_UIApplicationSceneManifest_Generation[sdk=iphoneos*]" = YES;
				"INFOPLIST_KEY_UIApplicationSceneManifest_Generation[sdk=iphonesimulator*]" = YES;
				"INFOPLIST_KEY_UIApplicationSupportsIndirectInputEvents[sdk=iphoneos*]" = YES;
				"INFOPLIST_KEY_UIApplicationSupportsIndirectInputEvents[sdk=iphonesimulator*]" = YES;
				"INFOPLIST_KEY_UILaunchScreen_Generation[sdk=iphoneos*]" = YES;
				"INFOPLIST_KEY_UILaunchScreen_Generation[sdk=iphonesimulator*]" = YES;
				"INFOPLIST_KEY_UIStatusBarStyle[sdk=iphoneos*]" = UIStatusBarStyleDefault;
				"INFOPLIST_KEY_UIStatusBarStyle[sdk=iphonesimulator*]" = UIStatusBarStyleDefault;
				INFOPLIST_KEY_UISupportedInterfaceOrientations_iPad = "UIInterfaceOrientationPortrait UIInterfaceOrientationPortraitUpsideDown UIInterfaceOrientationLandscapeLeft UIInterfaceOrientationLandscapeRight";
				INFOPLIST_KEY_UISupportedInterfaceOrientations_iPhone = "UIInterfaceOrientationPortrait UIInterfaceOrientationLandscapeLeft UIInterfaceOrientationLandscapeRight";
				IPHONEOS_DEPLOYMENT_TARGET = 16.1;
				LD_RUNPATH_SEARCH_PATHS = "@executable_path/Frameworks";
				"LD_RUNPATH_SEARCH_PATHS[sdk=macosx*]" = "@executable_path/../Frameworks";
				MACOSX_DEPLOYMENT_TARGET = 12.3;
				MARKETING_VERSION = 1.0;
				PRODUCT_BUNDLE_IDENTIFIER = io.audiokit.MIDITrackViewDemo;
				PRODUCT_NAME = MIDITrackViewDemo;
				SDKROOT = auto;
				SUPPORTED_PLATFORMS = macosx;
				SUPPORTS_MACCATALYST = NO;
				SUPPORTS_MAC_DESIGNED_FOR_IPHONE_IPAD = NO;
				SWIFT_EMIT_LOC_STRINGS = YES;
				SWIFT_VERSION = 5.0;
			};
			name = Release;
		};
		60D332822915C99E00EAD0D7 /* Debug */ = {
			isa = XCBuildConfiguration;
			buildSettings = {
				ASSETCATALOG_COMPILER_APPICON_NAME = AppIcon;
				ASSETCATALOG_COMPILER_GLOBAL_ACCENT_COLOR_NAME = AccentColor;
				CODE_SIGN_STYLE = Automatic;
				CURRENT_PROJECT_VERSION = 1;
				DEVELOPMENT_ASSET_PATHS = "";
				DEVELOPMENT_TEAM = 6CV59M265C;
				ENABLE_PREVIEWS = YES;
				GENERATE_INFOPLIST_FILE = YES;
				INFOPLIST_FILE = "MIDITrackViewDemo--iOS--Info.plist";
				INFOPLIST_KEY_UIApplicationSceneManifest_Generation = YES;
				INFOPLIST_KEY_UIApplicationSupportsIndirectInputEvents = YES;
				INFOPLIST_KEY_UILaunchScreen_Generation = YES;
				INFOPLIST_KEY_UISupportedInterfaceOrientations_iPad = "UIInterfaceOrientationPortrait UIInterfaceOrientationPortraitUpsideDown UIInterfaceOrientationLandscapeLeft UIInterfaceOrientationLandscapeRight";
				INFOPLIST_KEY_UISupportedInterfaceOrientations_iPhone = "UIInterfaceOrientationPortrait UIInterfaceOrientationLandscapeLeft UIInterfaceOrientationLandscapeRight";
				IPHONEOS_DEPLOYMENT_TARGET = 15.4;
				LD_RUNPATH_SEARCH_PATHS = (
					"$(inherited)",
					"@executable_path/Frameworks",
				);
				MARKETING_VERSION = 1.0;
				PRODUCT_BUNDLE_IDENTIFIER = io.audiokit.MIDITrackViewDemo;
				PRODUCT_NAME = MIDITrackViewDemo;
				SDKROOT = iphoneos;
				SWIFT_EMIT_LOC_STRINGS = YES;
				SWIFT_VERSION = 5.0;
				TARGETED_DEVICE_FAMILY = "1,2";
			};
			name = Debug;
		};
		60D332832915C99E00EAD0D7 /* Release */ = {
			isa = XCBuildConfiguration;
			buildSettings = {
				ASSETCATALOG_COMPILER_APPICON_NAME = AppIcon;
				ASSETCATALOG_COMPILER_GLOBAL_ACCENT_COLOR_NAME = AccentColor;
				CODE_SIGN_STYLE = Automatic;
				CURRENT_PROJECT_VERSION = 1;
				DEVELOPMENT_ASSET_PATHS = "";
				DEVELOPMENT_TEAM = 6CV59M265C;
				ENABLE_PREVIEWS = YES;
				GENERATE_INFOPLIST_FILE = YES;
				INFOPLIST_FILE = "MIDITrackViewDemo--iOS--Info.plist";
				INFOPLIST_KEY_UIApplicationSceneManifest_Generation = YES;
				INFOPLIST_KEY_UIApplicationSupportsIndirectInputEvents = YES;
				INFOPLIST_KEY_UILaunchScreen_Generation = YES;
				INFOPLIST_KEY_UISupportedInterfaceOrientations_iPad = "UIInterfaceOrientationPortrait UIInterfaceOrientationPortraitUpsideDown UIInterfaceOrientationLandscapeLeft UIInterfaceOrientationLandscapeRight";
				INFOPLIST_KEY_UISupportedInterfaceOrientations_iPhone = "UIInterfaceOrientationPortrait UIInterfaceOrientationLandscapeLeft UIInterfaceOrientationLandscapeRight";
				IPHONEOS_DEPLOYMENT_TARGET = 15.4;
				LD_RUNPATH_SEARCH_PATHS = (
					"$(inherited)",
					"@executable_path/Frameworks",
				);
				MARKETING_VERSION = 1.0;
				PRODUCT_BUNDLE_IDENTIFIER = io.audiokit.MIDITrackViewDemo;
				PRODUCT_NAME = MIDITrackViewDemo;
				SDKROOT = iphoneos;
				SWIFT_EMIT_LOC_STRINGS = YES;
				SWIFT_VERSION = 5.0;
				TARGETED_DEVICE_FAMILY = "1,2";
				VALIDATE_PRODUCT = YES;
			};
			name = Release;
		};
/* End XCBuildConfiguration section */

/* Begin XCConfigurationList section */
		60D332552915C6B300EAD0D7 /* Build configuration list for PBXProject "MIDITrackViewDemo" */ = {
			isa = XCConfigurationList;
			buildConfigurations = (
				60D332672915C6B400EAD0D7 /* Debug */,
				60D332682915C6B400EAD0D7 /* Release */,
			);
			defaultConfigurationIsVisible = 0;
			defaultConfigurationName = Release;
		};
		60D332692915C6B400EAD0D7 /* Build configuration list for PBXNativeTarget "MIDITrackViewDemo (macOS)" */ = {
			isa = XCConfigurationList;
			buildConfigurations = (
				60D3326A2915C6B400EAD0D7 /* Debug */,
				60D3326B2915C6B400EAD0D7 /* Release */,
			);
			defaultConfigurationIsVisible = 0;
			defaultConfigurationName = Release;
		};
		60D332812915C99E00EAD0D7 /* Build configuration list for PBXNativeTarget "MIDITrackViewDemo (iOS)" */ = {
			isa = XCConfigurationList;
			buildConfigurations = (
				60D332822915C99E00EAD0D7 /* Debug */,
				60D332832915C99E00EAD0D7 /* Release */,
			);
			defaultConfigurationIsVisible = 0;
			defaultConfigurationName = Release;
		};
/* End XCConfigurationList section */

/* Begin XCLocalSwiftPackageReference section */
		60BAA6442B0CF07E00AB565F /* XCLocalSwiftPackageReference ".." */ = {
			isa = XCLocalSwiftPackageReference;
			relativePath = ..;
		};
/* End XCLocalSwiftPackageReference section */

/* Begin XCRemoteSwiftPackageReference section */
		60F2CE6A2970F7B400543AB3 /* XCRemoteSwiftPackageReference "AudioKit" */ = {
			isa = XCRemoteSwiftPackageReference;
			repositoryURL = "https://github.com/AudioKit/AudioKit";
			requirement = {
				branch = main;
				kind = branch;
			};
		};
/* End XCRemoteSwiftPackageReference section */

/* Begin XCSwiftPackageProductDependency section */
		60BAA6452B0CF07E00AB565F /* MIDITrackView */ = {
			isa = XCSwiftPackageProductDependency;
			productName = MIDITrackView;
		};
		60BAA6472B0CF09100AB565F /* MIDITrackView */ = {
			isa = XCSwiftPackageProductDependency;
			productName = MIDITrackView;
		};
		60BAA6492B0CF0A000AB565F /* MIDITrackView */ = {
			isa = XCSwiftPackageProductDependency;
			productName = MIDITrackView;
		};
		60F2CE6B2970F7B400543AB3 /* AudioKit */ = {
			isa = XCSwiftPackageProductDependency;
			package = 60F2CE6A2970F7B400543AB3 /* XCRemoteSwiftPackageReference "AudioKit" */;
			productName = AudioKit;
		};
		60F2CE6D2970F7E600543AB3 /* AudioKit */ = {
			isa = XCSwiftPackageProductDependency;
			package = 60F2CE6A2970F7B400543AB3 /* XCRemoteSwiftPackageReference "AudioKit" */;
			productName = AudioKit;
		};
/* End XCSwiftPackageProductDependency section */
	};
	rootObject = 60D332522915C6B300EAD0D7 /* Project object */;
}
